
Microsoft Visual Studio Solution File, Format Version 12.00
# Visual Studio Version 16
VisualStudioVersion = 16.0.30204.135
MinimumVisualStudioVersion = 10.0.40219.1
Project("{FAE04EC0-301F-11D3-BF4B-00C04F79EFBC}") = "APIUsuarios", "APIUsuarios\APIUsuarios.csproj", "{0DFD8948-68FA-4304-BD38-EEA7181E73BC}"
EndProject
Project("{FAE04EC0-301F-11D3-BF4B-00C04F79EFBC}") = "Data", "Data\Data.csproj", "{C1875350-03E5-4A68-9E4E-E285CAD38B1B}"
EndProject
Project("{FAE04EC0-301F-11D3-BF4B-00C04F79EFBC}") = "Business", "Business\Business.csproj", "{39B5C7D4-5BBD-4FBB-85FA-AD4500590E3D}"
EndProject
Project("{FAE04EC0-301F-11D3-BF4B-00C04F79EFBC}") = "Models", "Models\Models.csproj", "{DB64C94D-DF40-4195-A2D9-2AA19777EAF7}"
EndProject
Global
	GlobalSection(SolutionConfigurationPlatforms) = preSolution
		Debug|Any CPU = Debug|Any CPU
		Release|Any CPU = Release|Any CPU
	EndGlobalSection
	GlobalSection(ProjectConfigurationPlatforms) = postSolution
		{0DFD8948-68FA-4304-BD38-EEA7181E73BC}.Debug|Any CPU.ActiveCfg = Debug|Any CPU
		{0DFD8948-68FA-4304-BD38-EEA7181E73BC}.Debug|Any CPU.Build.0 = Debug|Any CPU
		{0DFD8948-68FA-4304-BD38-EEA7181E73BC}.Release|Any CPU.ActiveCfg = Release|Any CPU
		{0DFD8948-68FA-4304-BD38-EEA7181E73BC}.Release|Any CPU.Build.0 = Release|Any CPU
		{C1875350-03E5-4A68-9E4E-E285CAD38B1B}.Debug|Any CPU.ActiveCfg = Debug|Any CPU
		{C1875350-03E5-4A68-9E4E-E285CAD38B1B}.Debug|Any CPU.Build.0 = Debug|Any CPU
		{C1875350-03E5-4A68-9E4E-E285CAD38B1B}.Release|Any CPU.ActiveCfg = Release|Any CPU
		{C1875350-03E5-4A68-9E4E-E285CAD38B1B}.Release|Any CPU.Build.0 = Release|Any CPU
		{39B5C7D4-5BBD-4FBB-85FA-AD4500590E3D}.Debug|Any CPU.ActiveCfg = Debug|Any CPU
		{39B5C7D4-5BBD-4FBB-85FA-AD4500590E3D}.Debug|Any CPU.Build.0 = Debug|Any CPU
		{39B5C7D4-5BBD-4FBB-85FA-AD4500590E3D}.Release|Any CPU.ActiveCfg = Release|Any CPU
		{39B5C7D4-5BBD-4FBB-85FA-AD4500590E3D}.Release|Any CPU.Build.0 = Release|Any CPU
		{DB64C94D-DF40-4195-A2D9-2AA19777EAF7}.Debug|Any CPU.ActiveCfg = Debug|Any CPU
		{DB64C94D-DF40-4195-A2D9-2AA19777EAF7}.Debug|Any CPU.Build.0 = Debug|Any CPU
		{DB64C94D-DF40-4195-A2D9-2AA19777EAF7}.Release|Any CPU.ActiveCfg = Release|Any CPU
		{DB64C94D-DF40-4195-A2D9-2AA19777EAF7}.Release|Any CPU.Build.0 = Release|Any CPU
	EndGlobalSection
	GlobalSection(SolutionProperties) = preSolution
		HideSolutionNode = FALSE
	EndGlobalSection
	GlobalSection(ExtensibilityGlobals) = postSolution
		SolutionGuid = {C41600F4-41B1-4C30-801B-FABAA3F3CECA}
	EndGlobalSection
EndGlobal
